// !$*UTF8*$!
{
	archiveVersion = 1;
	classes = {
	};
	objectVersion = 56;
	objects = {

/* Begin PBXBuildFile section */
		990924D62C6063A100BA46D9 /* paper_textureApp.swift in Sources */ = {isa = PBXBuildFile; fileRef = 990924D52C6063A100BA46D9 /* paper_textureApp.swift */; };
		990924D82C6063A100BA46D9 /* TopicList.swift in Sources */ = {isa = PBXBuildFile; fileRef = 990924D72C6063A100BA46D9 /* TopicList.swift */; };
		990924DA2C6063A200BA46D9 /* Assets.xcassets in Resources */ = {isa = PBXBuildFile; fileRef = 990924D92C6063A200BA46D9 /* Assets.xcassets */; };
		990924DE2C6063A200BA46D9 /* Preview Assets.xcassets in Resources */ = {isa = PBXBuildFile; fileRef = 990924DD2C6063A200BA46D9 /* Preview Assets.xcassets */; };
		990924E82C6063A200BA46D9 /* paper_textureTests.swift in Sources */ = {isa = PBXBuildFile; fileRef = 990924E72C6063A200BA46D9 /* paper_textureTests.swift */; };
		990924F22C6063A200BA46D9 /* paper_textureUITests.swift in Sources */ = {isa = PBXBuildFile; fileRef = 990924F12C6063A200BA46D9 /* paper_textureUITests.swift */; };
		990924F42C6063A200BA46D9 /* paper_textureUITestsLaunchTests.swift in Sources */ = {isa = PBXBuildFile; fileRef = 990924F32C6063A200BA46D9 /* paper_textureUITestsLaunchTests.swift */; };
		990925012C617F1A00BA46D9 /* TopicOrganizer.swift in Sources */ = {isa = PBXBuildFile; fileRef = 990925002C617F1A00BA46D9 /* TopicOrganizer.swift */; };
		990925032C617F8F00BA46D9 /* Topic.swift in Sources */ = {isa = PBXBuildFile; fileRef = 990925022C617F8F00BA46D9 /* Topic.swift */; };
		990925052C617FF200BA46D9 /* TopicRow.swift in Sources */ = {isa = PBXBuildFile; fileRef = 990925042C617FF200BA46D9 /* TopicRow.swift */; };
		990925072C61854B00BA46D9 /* ExampleOneView.swift in Sources */ = {isa = PBXBuildFile; fileRef = 990925062C61854B00BA46D9 /* ExampleOneView.swift */; };
		990925092C61856800BA46D9 /* ExampleTwoView.swift in Sources */ = {isa = PBXBuildFile; fileRef = 990925082C61856800BA46D9 /* ExampleTwoView.swift */; };
		9909250B2C61859F00BA46D9 /* ExampleThreeView.swift in Sources */ = {isa = PBXBuildFile; fileRef = 9909250A2C61859F00BA46D9 /* ExampleThreeView.swift */; };
/* End PBXBuildFile section */

/* Begin PBXContainerItemProxy section */
		990924E42C6063A200BA46D9 /* PBXContainerItemProxy */ = {
			isa = PBXContainerItemProxy;
			containerPortal = 990924CA2C6063A100BA46D9 /* Project object */;
			proxyType = 1;
			remoteGlobalIDString = 990924D12C6063A100BA46D9;
			remoteInfo = "paper-texture";
		};
		990924EE2C6063A200BA46D9 /* PBXContainerItemProxy */ = {
			isa = PBXContainerItemProxy;
			containerPortal = 990924CA2C6063A100BA46D9 /* Project object */;
			proxyType = 1;
			remoteGlobalIDString = 990924D12C6063A100BA46D9;
			remoteInfo = "paper-texture";
		};
/* End PBXContainerItemProxy section */

/* Begin PBXFileReference section */
		990924D22C6063A100BA46D9 /* paper-texture.app */ = {isa = PBXFileReference; explicitFileType = wrapper.application; includeInIndex = 0; path = "paper-texture.app"; sourceTree = BUILT_PRODUCTS_DIR; };
		990924D52C6063A100BA46D9 /* paper_textureApp.swift */ = {isa = PBXFileReference; lastKnownFileType = sourcecode.swift; path = paper_textureApp.swift; sourceTree = "<group>"; };
		990924D72C6063A100BA46D9 /* TopicList.swift */ = {isa = PBXFileReference; lastKnownFileType = sourcecode.swift; path = TopicList.swift; sourceTree = "<group>"; };
		990924D92C6063A200BA46D9 /* Assets.xcassets */ = {isa = PBXFileReference; lastKnownFileType = folder.assetcatalog; path = Assets.xcassets; sourceTree = "<group>"; };
		990924DB2C6063A200BA46D9 /* paper_texture.entitlements */ = {isa = PBXFileReference; lastKnownFileType = text.plist.entitlements; path = paper_texture.entitlements; sourceTree = "<group>"; };
		990924DD2C6063A200BA46D9 /* Preview Assets.xcassets */ = {isa = PBXFileReference; lastKnownFileType = folder.assetcatalog; path = "Preview Assets.xcassets"; sourceTree = "<group>"; };
		990924E32C6063A200BA46D9 /* paper-textureTests.xctest */ = {isa = PBXFileReference; explicitFileType = wrapper.cfbundle; includeInIndex = 0; path = "paper-textureTests.xctest"; sourceTree = BUILT_PRODUCTS_DIR; };
		990924E72C6063A200BA46D9 /* paper_textureTests.swift */ = {isa = PBXFileReference; lastKnownFileType = sourcecode.swift; path = paper_textureTests.swift; sourceTree = "<group>"; };
		990924ED2C6063A200BA46D9 /* paper-textureUITests.xctest */ = {isa = PBXFileReference; explicitFileType = wrapper.cfbundle; includeInIndex = 0; path = "paper-textureUITests.xctest"; sourceTree = BUILT_PRODUCTS_DIR; };
		990924F12C6063A200BA46D9 /* paper_textureUITests.swift */ = {isa = PBXFileReference; lastKnownFileType = sourcecode.swift; path = paper_textureUITests.swift; sourceTree = "<group>"; };
		990924F32C6063A200BA46D9 /* paper_textureUITestsLaunchTests.swift */ = {isa = PBXFileReference; lastKnownFileType = sourcecode.swift; path = paper_textureUITestsLaunchTests.swift; sourceTree = "<group>"; };
		990925002C617F1A00BA46D9 /* TopicOrganizer.swift */ = {isa = PBXFileReference; lastKnownFileType = sourcecode.swift; path = TopicOrganizer.swift; sourceTree = "<group>"; };
		990925022C617F8F00BA46D9 /* Topic.swift */ = {isa = PBXFileReference; lastKnownFileType = sourcecode.swift; path = Topic.swift; sourceTree = "<group>"; };
		990925042C617FF200BA46D9 /* TopicRow.swift */ = {isa = PBXFileReference; lastKnownFileType = sourcecode.swift; path = TopicRow.swift; sourceTree = "<group>"; };
		990925062C61854B00BA46D9 /* ExampleOneView.swift */ = {isa = PBXFileReference; lastKnownFileType = sourcecode.swift; path = ExampleOneView.swift; sourceTree = "<group>"; };
		990925082C61856800BA46D9 /* ExampleTwoView.swift */ = {isa = PBXFileReference; lastKnownFileType = sourcecode.swift; path = ExampleTwoView.swift; sourceTree = "<group>"; };
		9909250A2C61859F00BA46D9 /* ExampleThreeView.swift */ = {isa = PBXFileReference; lastKnownFileType = sourcecode.swift; path = ExampleThreeView.swift; sourceTree = "<group>"; };
/* End PBXFileReference section */

/* Begin PBXFrameworksBuildPhase section */
		990924CF2C6063A100BA46D9 /* Frameworks */ = {
			isa = PBXFrameworksBuildPhase;
			buildActionMask = 2147483647;
			files = (
			);
			runOnlyForDeploymentPostprocessing = 0;
		};
		990924E02C6063A200BA46D9 /* Frameworks */ = {
			isa = PBXFrameworksBuildPhase;
			buildActionMask = 2147483647;
			files = (
			);
			runOnlyForDeploymentPostprocessing = 0;
		};
		990924EA2C6063A200BA46D9 /* Frameworks */ = {
			isa = PBXFrameworksBuildPhase;
			buildActionMask = 2147483647;
			files = (
			);
			runOnlyForDeploymentPostprocessing = 0;
		};
/* End PBXFrameworksBuildPhase section */

/* Begin PBXGroup section */
		990924C92C6063A100BA46D9 = {
			isa = PBXGroup;
			children = (
				990924D42C6063A100BA46D9 /* paper-texture */,
				990924E62C6063A200BA46D9 /* paper-textureTests */,
				990924F02C6063A200BA46D9 /* paper-textureUITests */,
				990924D32C6063A100BA46D9 /* Products */,
			);
			sourceTree = "<group>";
		};
		990924D32C6063A100BA46D9 /* Products */ = {
			isa = PBXGroup;
			children = (
				990924D22C6063A100BA46D9 /* paper-texture.app */,
				990924E32C6063A200BA46D9 /* paper-textureTests.xctest */,
				990924ED2C6063A200BA46D9 /* paper-textureUITests.xctest */,
			);
			name = Products;
			sourceTree = "<group>";
		};
		990924D42C6063A100BA46D9 /* paper-texture */ = {
			isa = PBXGroup;
			children = (
				990924D52C6063A100BA46D9 /* paper_textureApp.swift */,
				990924D72C6063A100BA46D9 /* TopicList.swift */,
				990924D92C6063A200BA46D9 /* Assets.xcassets */,
				990924DB2C6063A200BA46D9 /* paper_texture.entitlements */,
				990924DC2C6063A200BA46D9 /* Preview Content */,
				990925002C617F1A00BA46D9 /* TopicOrganizer.swift */,
				990925022C617F8F00BA46D9 /* Topic.swift */,
				990925042C617FF200BA46D9 /* TopicRow.swift */,
				990925062C61854B00BA46D9 /* ExampleOneView.swift */,
				990925082C61856800BA46D9 /* ExampleTwoView.swift */,
				9909250A2C61859F00BA46D9 /* ExampleThreeView.swift */,
			);
			path = "paper-texture";
			sourceTree = "<group>";
		};
		990924DC2C6063A200BA46D9 /* Preview Content */ = {
			isa = PBXGroup;
			children = (
				990924DD2C6063A200BA46D9 /* Preview Assets.xcassets */,
			);
			path = "Preview Content";
			sourceTree = "<group>";
		};
		990924E62C6063A200BA46D9 /* paper-textureTests */ = {
			isa = PBXGroup;
			children = (
				990924E72C6063A200BA46D9 /* paper_textureTests.swift */,
			);
			path = "paper-textureTests";
			sourceTree = "<group>";
		};
		990924F02C6063A200BA46D9 /* paper-textureUITests */ = {
			isa = PBXGroup;
			children = (
				990924F12C6063A200BA46D9 /* paper_textureUITests.swift */,
				990924F32C6063A200BA46D9 /* paper_textureUITestsLaunchTests.swift */,
			);
			path = "paper-textureUITests";
			sourceTree = "<group>";
		};
/* End PBXGroup section */

/* Begin PBXNativeTarget section */
		990924D12C6063A100BA46D9 /* paper-texture */ = {
			isa = PBXNativeTarget;
			buildConfigurationList = 990924F72C6063A200BA46D9 /* Build configuration list for PBXNativeTarget "paper-texture" */;
			buildPhases = (
				990924CE2C6063A100BA46D9 /* Sources */,
				990924CF2C6063A100BA46D9 /* Frameworks */,
				990924D02C6063A100BA46D9 /* Resources */,
			);
			buildRules = (
			);
			dependencies = (
			);
			name = "paper-texture";
			productName = "paper-texture";
			productReference = 990924D22C6063A100BA46D9 /* paper-texture.app */;
			productType = "com.apple.product-type.application";
		};
		990924E22C6063A200BA46D9 /* paper-textureTests */ = {
			isa = PBXNativeTarget;
			buildConfigurationList = 990924FA2C6063A200BA46D9 /* Build configuration list for PBXNativeTarget "paper-textureTests" */;
			buildPhases = (
				990924DF2C6063A200BA46D9 /* Sources */,
				990924E02C6063A200BA46D9 /* Frameworks */,
				990924E12C6063A200BA46D9 /* Resources */,
			);
			buildRules = (
			);
			dependencies = (
				990924E52C6063A200BA46D9 /* PBXTargetDependency */,
			);
			name = "paper-textureTests";
			productName = "paper-textureTests";
			productReference = 990924E32C6063A200BA46D9 /* paper-textureTests.xctest */;
			productType = "com.apple.product-type.bundle.unit-test";
		};
		990924EC2C6063A200BA46D9 /* paper-textureUITests */ = {
			isa = PBXNativeTarget;
			buildConfigurationList = 990924FD2C6063A200BA46D9 /* Build configuration list for PBXNativeTarget "paper-textureUITests" */;
			buildPhases = (
				990924E92C6063A200BA46D9 /* Sources */,
				990924EA2C6063A200BA46D9 /* Frameworks */,
				990924EB2C6063A200BA46D9 /* Resources */,
			);
			buildRules = (
			);
			dependencies = (
				990924EF2C6063A200BA46D9 /* PBXTargetDependency */,
			);
			name = "paper-textureUITests";
			productName = "paper-textureUITests";
			productReference = 990924ED2C6063A200BA46D9 /* paper-textureUITests.xctest */;
			productType = "com.apple.product-type.bundle.ui-testing";
		};
/* End PBXNativeTarget section */

/* Begin PBXProject section */
		990924CA2C6063A100BA46D9 /* Project object */ = {
			isa = PBXProject;
			attributes = {
				BuildIndependentTargetsInParallel = 1;
				LastSwiftUpdateCheck = 1500;
				LastUpgradeCheck = 1500;
				TargetAttributes = {
					990924D12C6063A100BA46D9 = {
						CreatedOnToolsVersion = 15.0;
					};
					990924E22C6063A200BA46D9 = {
						CreatedOnToolsVersion = 15.0;
						TestTargetID = 990924D12C6063A100BA46D9;
					};
					990924EC2C6063A200BA46D9 = {
						CreatedOnToolsVersion = 15.0;
						TestTargetID = 990924D12C6063A100BA46D9;
					};
				};
			};
			buildConfigurationList = 990924CD2C6063A100BA46D9 /* Build configuration list for PBXProject "paper-texture" */;
			compatibilityVersion = "Xcode 14.0";
			developmentRegion = en;
			hasScannedForEncodings = 0;
			knownRegions = (
				en,
				Base,
			);
			mainGroup = 990924C92C6063A100BA46D9;
			productRefGroup = 990924D32C6063A100BA46D9 /* Products */;
			projectDirPath = "";
			projectRoot = "";
			targets = (
				990924D12C6063A100BA46D9 /* paper-texture */,
				990924E22C6063A200BA46D9 /* paper-textureTests */,
				990924EC2C6063A200BA46D9 /* paper-textureUITests */,
			);
		};
/* End PBXProject section */

/* Begin PBXResourcesBuildPhase section */
		990924D02C6063A100BA46D9 /* Resources */ = {
			isa = PBXResourcesBuildPhase;
			buildActionMask = 2147483647;
			files = (
				990924DE2C6063A200BA46D9 /* Preview Assets.xcassets in Resources */,
				990924DA2C6063A200BA46D9 /* Assets.xcassets in Resources */,
			);
			runOnlyForDeploymentPostprocessing = 0;
		};
		990924E12C6063A200BA46D9 /* Resources */ = {
			isa = PBXResourcesBuildPhase;
			buildActionMask = 2147483647;
			files = (
			);
			runOnlyForDeploymentPostprocessing = 0;
		};
		990924EB2C6063A200BA46D9 /* Resources */ = {
			isa = PBXResourcesBuildPhase;
			buildActionMask = 2147483647;
			files = (
			);
			runOnlyForDeploymentPostprocessing = 0;
		};
/* End PBXResourcesBuildPhase section */

/* Begin PBXSourcesBuildPhase section */
		990924CE2C6063A100BA46D9 /* Sources */ = {
			isa = PBXSourcesBuildPhase;
			buildActionMask = 2147483647;
			files = (
				9909250B2C61859F00BA46D9 /* ExampleThreeView.swift in Sources */,
				990925072C61854B00BA46D9 /* ExampleOneView.swift in Sources */,
				990924D82C6063A100BA46D9 /* TopicList.swift in Sources */,
				990925092C61856800BA46D9 /* ExampleTwoView.swift in Sources */,
				990925032C617F8F00BA46D9 /* Topic.swift in Sources */,
				990924D62C6063A100BA46D9 /* paper_textureApp.swift in Sources */,
				990925052C617FF200BA46D9 /* TopicRow.swift in Sources */,
				990925012C617F1A00BA46D9 /* TopicOrganizer.swift in Sources */,
			);
			runOnlyForDeploymentPostprocessing = 0;
		};
		990924DF2C6063A200BA46D9 /* Sources */ = {
			isa = PBXSourcesBuildPhase;
			buildActionMask = 2147483647;
			files = (
				990924E82C6063A200BA46D9 /* paper_textureTests.swift in Sources */,
			);
			runOnlyForDeploymentPostprocessing = 0;
		};
		990924E92C6063A200BA46D9 /* Sources */ = {
			isa = PBXSourcesBuildPhase;
			buildActionMask = 2147483647;
			files = (
				990924F22C6063A200BA46D9 /* paper_textureUITests.swift in Sources */,
				990924F42C6063A200BA46D9 /* paper_textureUITestsLaunchTests.swift in Sources */,
			);
			runOnlyForDeploymentPostprocessing = 0;
		};
/* End PBXSourcesBuildPhase section */

/* Begin PBXTargetDependency section */
		990924E52C6063A200BA46D9 /* PBXTargetDependency */ = {
			isa = PBXTargetDependency;
			target = 990924D12C6063A100BA46D9 /* paper-texture */;
			targetProxy = 990924E42C6063A200BA46D9 /* PBXContainerItemProxy */;
		};
		990924EF2C6063A200BA46D9 /* PBXTargetDependency */ = {
			isa = PBXTargetDependency;
			target = 990924D12C6063A100BA46D9 /* paper-texture */;
			targetProxy = 990924EE2C6063A200BA46D9 /* PBXContainerItemProxy */;
		};
/* End PBXTargetDependency section */

/* Begin XCBuildConfiguration section */
		990924F52C6063A200BA46D9 /* Debug */ = {
			isa = XCBuildConfiguration;
			buildSettings = {
				ALWAYS_SEARCH_USER_PATHS = NO;
				ASSETCATALOG_COMPILER_GENERATE_SWIFT_ASSET_SYMBOL_EXTENSIONS = YES;
				CLANG_ANALYZER_NONNULL = YES;
				CLANG_ANALYZER_NUMBER_OBJECT_CONVERSION = YES_AGGRESSIVE;
				CLANG_CXX_LANGUAGE_STANDARD = "gnu++20";
				CLANG_ENABLE_MODULES = YES;
				CLANG_ENABLE_OBJC_ARC = YES;
				CLANG_ENABLE_OBJC_WEAK = YES;
				CLANG_WARN_BLOCK_CAPTURE_AUTORELEASING = YES;
				CLANG_WARN_BOOL_CONVERSION = YES;
				CLANG_WARN_COMMA = YES;
				CLANG_WARN_CONSTANT_CONVERSION = YES;
				CLANG_WARN_DEPRECATED_OBJC_IMPLEMENTATIONS = YES;
				CLANG_WARN_DIRECT_OBJC_ISA_USAGE = YES_ERROR;
				CLANG_WARN_DOCUMENTATION_COMMENTS = YES;
				CLANG_WARN_EMPTY_BODY = YES;
				CLANG_WARN_ENUM_CONVERSION = YES;
				CLANG_WARN_INFINITE_RECURSION = YES;
				CLANG_WARN_INT_CONVERSION = YES;
				CLANG_WARN_NON_LITERAL_NULL_CONVERSION = YES;
				CLANG_WARN_OBJC_IMPLICIT_RETAIN_SELF = YES;
				CLANG_WARN_OBJC_LITERAL_CONVERSION = YES;
				CLANG_WARN_OBJC_ROOT_CLASS = YES_ERROR;
				CLANG_WARN_QUOTED_INCLUDE_IN_FRAMEWORK_HEADER = YES;
				CLANG_WARN_RANGE_LOOP_ANALYSIS = YES;
				CLANG_WARN_STRICT_PROTOTYPES = YES;
				CLANG_WARN_SUSPICIOUS_MOVE = YES;
				CLANG_WARN_UNGUARDED_AVAILABILITY = YES_AGGRESSIVE;
				CLANG_WARN_UNREACHABLE_CODE = YES;
				CLANG_WARN__DUPLICATE_METHOD_MATCH = YES;
				COPY_PHASE_STRIP = NO;
				DEBUG_INFORMATION_FORMAT = dwarf;
				ENABLE_STRICT_OBJC_MSGSEND = YES;
				ENABLE_TESTABILITY = YES;
				ENABLE_USER_SCRIPT_SANDBOXING = YES;
				GCC_C_LANGUAGE_STANDARD = gnu17;
				GCC_DYNAMIC_NO_PIC = NO;
				GCC_NO_COMMON_BLOCKS = YES;
				GCC_OPTIMIZATION_LEVEL = 0;
				GCC_PREPROCESSOR_DEFINITIONS = (
					"DEBUG=1",
					"$(inherited)",
				);
				GCC_WARN_64_TO_32_BIT_CONVERSION = YES;
				GCC_WARN_ABOUT_RETURN_TYPE = YES_ERROR;
				GCC_WARN_UNDECLARED_SELECTOR = YES;
				GCC_WARN_UNINITIALIZED_AUTOS = YES_AGGRESSIVE;
				GCC_WARN_UNUSED_FUNCTION = YES;
				GCC_WARN_UNUSED_VARIABLE = YES;
				LOCALIZATION_PREFERS_STRING_CATALOGS = YES;
				MTL_ENABLE_DEBUG_INFO = INCLUDE_SOURCE;
				MTL_FAST_MATH = YES;
				ONLY_ACTIVE_ARCH = YES;
				SWIFT_ACTIVE_COMPILATION_CONDITIONS = "DEBUG $(inherited)";
				SWIFT_OPTIMIZATION_LEVEL = "-Onone";
			};
			name = Debug;
		};
		990924F62C6063A200BA46D9 /* Release */ = {
			isa = XCBuildConfiguration;
			buildSettings = {
				ALWAYS_SEARCH_USER_PATHS = NO;
				ASSETCATALOG_COMPILER_GENERATE_SWIFT_ASSET_SYMBOL_EXTENSIONS = YES;
				CLANG_ANALYZER_NONNULL = YES;
				CLANG_ANALYZER_NUMBER_OBJECT_CONVERSION = YES_AGGRESSIVE;
				CLANG_CXX_LANGUAGE_STANDARD = "gnu++20";
				CLANG_ENABLE_MODULES = YES;
				CLANG_ENABLE_OBJC_ARC = YES;
				CLANG_ENABLE_OBJC_WEAK = YES;
				CLANG_WARN_BLOCK_CAPTURE_AUTORELEASING = YES;
				CLANG_WARN_BOOL_CONVERSION = YES;
				CLANG_WARN_COMMA = YES;
				CLANG_WARN_CONSTANT_CONVERSION = YES;
				CLANG_WARN_DEPRECATED_OBJC_IMPLEMENTATIONS = YES;
				CLANG_WARN_DIRECT_OBJC_ISA_USAGE = YES_ERROR;
				CLANG_WARN_DOCUMENTATION_COMMENTS = YES;
				CLANG_WARN_EMPTY_BODY = YES;
				CLANG_WARN_ENUM_CONVERSION = YES;
				CLANG_WARN_INFINITE_RECURSION = YES;
				CLANG_WARN_INT_CONVERSION = YES;
				CLANG_WARN_NON_LITERAL_NULL_CONVERSION = YES;
				CLANG_WARN_OBJC_IMPLICIT_RETAIN_SELF = YES;
				CLANG_WARN_OBJC_LITERAL_CONVERSION = YES;
				CLANG_WARN_OBJC_ROOT_CLASS = YES_ERROR;
				CLANG_WARN_QUOTED_INCLUDE_IN_FRAMEWORK_HEADER = YES;
				CLANG_WARN_RANGE_LOOP_ANALYSIS = YES;
				CLANG_WARN_STRICT_PROTOTYPES = YES;
				CLANG_WARN_SUSPICIOUS_MOVE = YES;
				CLANG_WARN_UNGUARDED_AVAILABILITY = YES_AGGRESSIVE;
				CLANG_WARN_UNREACHABLE_CODE = YES;
				CLANG_WARN__DUPLICATE_METHOD_MATCH = YES;
				COPY_PHASE_STRIP = NO;
				DEBUG_INFORMATION_FORMAT = "dwarf-with-dsym";
				ENABLE_NS_ASSERTIONS = NO;
				ENABLE_STRICT_OBJC_MSGSEND = YES;
				ENABLE_USER_SCRIPT_SANDBOXING = YES;
				GCC_C_LANGUAGE_STANDARD = gnu17;
				GCC_NO_COMMON_BLOCKS = YES;
				GCC_WARN_64_TO_32_BIT_CONVERSION = YES;
				GCC_WARN_ABOUT_RETURN_TYPE = YES_ERROR;
				GCC_WARN_UNDECLARED_SELECTOR = YES;
				GCC_WARN_UNINITIALIZED_AUTOS = YES_AGGRESSIVE;
				GCC_WARN_UNUSED_FUNCTION = YES;
				GCC_WARN_UNUSED_VARIABLE = YES;
				LOCALIZATION_PREFERS_STRING_CATALOGS = YES;
				MTL_ENABLE_DEBUG_INFO = NO;
				MTL_FAST_MATH = YES;
				SWIFT_COMPILATION_MODE = wholemodule;
			};
			name = Release;
		};
		990924F82C6063A200BA46D9 /* Debug */ = {
			isa = XCBuildConfiguration;
			buildSettings = {
				ASSETCATALOG_COMPILER_APPICON_NAME = AppIcon;
				ASSETCATALOG_COMPILER_GLOBAL_ACCENT_COLOR_NAME = AccentColor;
				CODE_SIGN_ENTITLEMENTS = "paper-texture/paper_texture.entitlements";
				CODE_SIGN_STYLE = Automatic;
				CURRENT_PROJECT_VERSION = 1;
				DEVELOPMENT_ASSET_PATHS = "\"paper-texture/Preview Content\"";
				DEVELOPMENT_TEAM = DJRKV2FWJU;
				ENABLE_HARDENED_RUNTIME = YES;
				ENABLE_PREVIEWS = YES;
				GENERATE_INFOPLIST_FILE = YES;
				"INFOPLIST_KEY_UIApplicationSceneManifest_Generation[sdk=iphoneos*]" = YES;
				"INFOPLIST_KEY_UIApplicationSceneManifest_Generation[sdk=iphonesimulator*]" = YES;
				"INFOPLIST_KEY_UIApplicationSupportsIndirectInputEvents[sdk=iphoneos*]" = YES;
				"INFOPLIST_KEY_UIApplicationSupportsIndirectInputEvents[sdk=iphonesimulator*]" = YES;
				"INFOPLIST_KEY_UILaunchScreen_Generation[sdk=iphoneos*]" = YES;
				"INFOPLIST_KEY_UILaunchScreen_Generation[sdk=iphonesimulator*]" = YES;
				"INFOPLIST_KEY_UIStatusBarStyle[sdk=iphoneos*]" = UIStatusBarStyleDefault;
				"INFOPLIST_KEY_UIStatusBarStyle[sdk=iphonesimulator*]" = UIStatusBarStyleDefault;
				INFOPLIST_KEY_UISupportedInterfaceOrientations_iPad = "UIInterfaceOrientationPortrait UIInterfaceOrientationPortraitUpsideDown UIInterfaceOrientationLandscapeLeft UIInterfaceOrientationLandscapeRight";
				INFOPLIST_KEY_UISupportedInterfaceOrientations_iPhone = "UIInterfaceOrientationPortrait UIInterfaceOrientationLandscapeLeft UIInterfaceOrientationLandscapeRight";
				IPHONEOS_DEPLOYMENT_TARGET = 17.0;
				LD_RUNPATH_SEARCH_PATHS = "@executable_path/Frameworks";
				"LD_RUNPATH_SEARCH_PATHS[sdk=macosx*]" = "@executable_path/../Frameworks";
				MACOSX_DEPLOYMENT_TARGET = 14.0;
				MARKETING_VERSION = 1.0;
				PRODUCT_BUNDLE_IDENTIFIER = "mike-eberhardt.paper-texture";
				PRODUCT_NAME = "$(TARGET_NAME)";
				SDKROOT = auto;
				SUPPORTED_PLATFORMS = "iphoneos iphonesimulator macosx";
				SWIFT_EMIT_LOC_STRINGS = YES;
				SWIFT_VERSION = 5.0;
				TARGETED_DEVICE_FAMILY = "1,2";
			};
			name = Debug;
		};
		990924F92C6063A200BA46D9 /* Release */ = {
			isa = XCBuildConfiguration;
			buildSettings = {
				ASSETCATALOG_COMPILER_APPICON_NAME = AppIcon;
				ASSETCATALOG_COMPILER_GLOBAL_ACCENT_COLOR_NAME = AccentColor;
				CODE_SIGN_ENTITLEMENTS = "paper-texture/paper_texture.entitlements";
				CODE_SIGN_STYLE = Automatic;
				CURRENT_PROJECT_VERSION = 1;
				DEVELOPMENT_ASSET_PATHS = "\"paper-texture/Preview Content\"";
				DEVELOPMENT_TEAM = DJRKV2FWJU;
				ENABLE_HARDENED_RUNTIME = YES;
				ENABLE_PREVIEWS = YES;
				GENERATE_INFOPLIST_FILE = YES;
				"INFOPLIST_KEY_UIApplicationSceneManifest_Generation[sdk=iphoneos*]" = YES;
				"INFOPLIST_KEY_UIApplicationSceneManifest_Generation[sdk=iphonesimulator*]" = YES;
				"INFOPLIST_KEY_UIApplicationSupportsIndirectInputEvents[sdk=iphoneos*]" = YES;
				"INFOPLIST_KEY_UIApplicationSupportsIndirectInputEvents[sdk=iphonesimulator*]" = YES;
				"INFOPLIST_KEY_UILaunchScreen_Generation[sdk=iphoneos*]" = YES;
				"INFOPLIST_KEY_UILaunchScreen_Generation[sdk=iphonesimulator*]" = YES;
				"INFOPLIST_KEY_UIStatusBarStyle[sdk=iphoneos*]" = UIStatusBarStyleDefault;
				"INFOPLIST_KEY_UIStatusBarStyle[sdk=iphonesimulator*]" = UIStatusBarStyleDefault;
				INFOPLIST_KEY_UISupportedInterfaceOrientations_iPad = "UIInterfaceOrientationPortrait UIInterfaceOrientationPortraitUpsideDown UIInterfaceOrientationLandscapeLeft UIInterfaceOrientationLandscapeRight";
				INFOPLIST_KEY_UISupportedInterfaceOrientations_iPhone = "UIInterfaceOrientationPortrait UIInterfaceOrientationLandscapeLeft UIInterfaceOrientationLandscapeRight";
				IPHONEOS_DEPLOYMENT_TARGET = 17.0;
				LD_RUNPATH_SEARCH_PATHS = "@executable_path/Frameworks";
				"LD_RUNPATH_SEARCH_PATHS[sdk=macosx*]" = "@executable_path/../Frameworks";
				MACOSX_DEPLOYMENT_TARGET = 14.0;
				MARKETING_VERSION = 1.0;
				PRODUCT_BUNDLE_IDENTIFIER = "mike-eberhardt.paper-texture";
				PRODUCT_NAME = "$(TARGET_NAME)";
				SDKROOT = auto;
				SUPPORTED_PLATFORMS = "iphoneos iphonesimulator macosx";
				SWIFT_EMIT_LOC_STRINGS = YES;
				SWIFT_VERSION = 5.0;
				TARGETED_DEVICE_FAMILY = "1,2";
			};
			name = Release;
		};
		990924FB2C6063A200BA46D9 /* Debug */ = {
			isa = XCBuildConfiguration;
			buildSettings = {
				ALWAYS_EMBED_SWIFT_STANDARD_LIBRARIES = YES;
				BUNDLE_LOADER = "$(TEST_HOST)";
				CODE_SIGN_STYLE = Automatic;
				CURRENT_PROJECT_VERSION = 1;
				DEVELOPMENT_TEAM = DJRKV2FWJU;
				GENERATE_INFOPLIST_FILE = YES;
				IPHONEOS_DEPLOYMENT_TARGET = 17.0;
				MACOSX_DEPLOYMENT_TARGET = 14.0;
				MARKETING_VERSION = 1.0;
				PRODUCT_BUNDLE_IDENTIFIER = "mike-eberhardt.paper-textureTests";
				PRODUCT_NAME = "$(TARGET_NAME)";
				SDKROOT = auto;
				SUPPORTED_PLATFORMS = "iphoneos iphonesimulator macosx";
				SWIFT_EMIT_LOC_STRINGS = NO;
				SWIFT_VERSION = 5.0;
				TARGETED_DEVICE_FAMILY = "1,2";
				TEST_HOST = "$(BUILT_PRODUCTS_DIR)/paper-texture.app/$(BUNDLE_EXECUTABLE_FOLDER_PATH)/paper-texture";
			};
			name = Debug;
		};
		990924FC2C6063A200BA46D9 /* Release */ = {
			isa = XCBuildConfiguration;
			buildSettings = {
				ALWAYS_EMBED_SWIFT_STANDARD_LIBRARIES = YES;
				BUNDLE_LOADER = "$(TEST_HOST)";
				CODE_SIGN_STYLE = Automatic;
				CURRENT_PROJECT_VERSION = 1;
				DEVELOPMENT_TEAM = DJRKV2FWJU;
				GENERATE_INFOPLIST_FILE = YES;
				IPHONEOS_DEPLOYMENT_TARGET = 17.0;
				MACOSX_DEPLOYMENT_TARGET = 14.0;
				MARKETING_VERSION = 1.0;
				PRODUCT_BUNDLE_IDENTIFIER = "mike-eberhardt.paper-textureTests";
				PRODUCT_NAME = "$(TARGET_NAME)";
				SDKROOT = auto;
				SUPPORTED_PLATFORMS = "iphoneos iphonesimulator macosx";
				SWIFT_EMIT_LOC_STRINGS = NO;
				SWIFT_VERSION = 5.0;
				TARGETED_DEVICE_FAMILY = "1,2";
				TEST_HOST = "$(BUILT_PRODUCTS_DIR)/paper-texture.app/$(BUNDLE_EXECUTABLE_FOLDER_PATH)/paper-texture";
			};
			name = Release;
		};
		990924FE2C6063A200BA46D9 /* Debug */ = {
			isa = XCBuildConfiguration;
			buildSettings = {
				ALWAYS_EMBED_SWIFT_STANDARD_LIBRARIES = YES;
				CODE_SIGN_STYLE = Automatic;
				CURRENT_PROJECT_VERSION = 1;
				DEVELOPMENT_TEAM = DJRKV2FWJU;
				GENERATE_INFOPLIST_FILE = YES;
				IPHONEOS_DEPLOYMENT_TARGET = 17.0;
				MACOSX_DEPLOYMENT_TARGET = 14.0;
				MARKETING_VERSION = 1.0;
				PRODUCT_BUNDLE_IDENTIFIER = "mike-eberhardt.paper-textureUITests";
				PRODUCT_NAME = "$(TARGET_NAME)";
				SDKROOT = auto;
				SUPPORTED_PLATFORMS = "iphoneos iphonesimulator macosx";
				SWIFT_EMIT_LOC_STRINGS = NO;
				SWIFT_VERSION = 5.0;
				TARGETED_DEVICE_FAMILY = "1,2";
				TEST_TARGET_NAME = "paper-texture";
			};
			name = Debug;
		};
		990924FF2C6063A200BA46D9 /* Release */ = {
			isa = XCBuildConfiguration;
			buildSettings = {
				ALWAYS_EMBED_SWIFT_STANDARD_LIBRARIES = YES;
				CODE_SIGN_STYLE = Automatic;
				CURRENT_PROJECT_VERSION = 1;
				DEVELOPMENT_TEAM = DJRKV2FWJU;
				GENERATE_INFOPLIST_FILE = YES;
				IPHONEOS_DEPLOYMENT_TARGET = 17.0;
				MACOSX_DEPLOYMENT_TARGET = 14.0;
				MARKETING_VERSION = 1.0;
				PRODUCT_BUNDLE_IDENTIFIER = "mike-eberhardt.paper-textureUITests";
				PRODUCT_NAME = "$(TARGET_NAME)";
				SDKROOT = auto;
				SUPPORTED_PLATFORMS = "iphoneos iphonesimulator macosx";
				SWIFT_EMIT_LOC_STRINGS = NO;
				SWIFT_VERSION = 5.0;
				TARGETED_DEVICE_FAMILY = "1,2";
				TEST_TARGET_NAME = "paper-texture";
			};
			name = Release;
		};
/* End XCBuildConfiguration section */

/* Begin XCConfigurationList section */
		990924CD2C6063A100BA46D9 /* Build configuration list for PBXProject "paper-texture" */ = {
			isa = XCConfigurationList;
			buildConfigurations = (
				990924F52C6063A200BA46D9 /* Debug */,
				990924F62C6063A200BA46D9 /* Release */,
			);
			defaultConfigurationIsVisible = 0;
			defaultConfigurationName = Release;
		};
		990924F72C6063A200BA46D9 /* Build configuration list for PBXNativeTarget "paper-texture" */ = {
			isa = XCConfigurationList;
			buildConfigurations = (
				990924F82C6063A200BA46D9 /* Debug */,
				990924F92C6063A200BA46D9 /* Release */,
			);
			defaultConfigurationIsVisible = 0;
			defaultConfigurationName = Release;
		};
		990924FA2C6063A200BA46D9 /* Build configuration list for PBXNativeTarget "paper-textureTests" */ = {
			isa = XCConfigurationList;
			buildConfigurations = (
				990924FB2C6063A200BA46D9 /* Debug */,
				990924FC2C6063A200BA46D9 /* Release */,
			);
			defaultConfigurationIsVisible = 0;
			defaultConfigurationName = Release;
		};
		990924FD2C6063A200BA46D9 /* Build configuration list for PBXNativeTarget "paper-textureUITests" */ = {
			isa = XCConfigurationList;
			buildConfigurations = (
				990924FE2C6063A200BA46D9 /* Debug */,
				990924FF2C6063A200BA46D9 /* Release */,
			);
			defaultConfigurationIsVisible = 0;
			defaultConfigurationName = Release;
		};
/* End XCConfigurationList section */
	};
	rootObject = 990924CA2C6063A100BA46D9 /* Project object */;
}
